# THIS IS AN AUTOGENERATED FILE. DO NOT EDIT THIS FILE DIRECTLY.
# yarn lockfile v1


base64toblob@^0.0.2:
  version "0.0.2"
  resolved "https://registry.yarnpkg.com/base64toblob/-/base64toblob-0.0.2.tgz#16453f87fbe3447ce14edbbe285b46c70b9811b5"

jpegasus@^1.4.0:
  version "1.4.0"
  resolved "https://registry.yarnpkg.com/jpegasus/-/jpegasus-1.4.0.tgz#39b9a1c3044a6550d50fa43d03c8e0afe54f84c0"
  dependencies:
    base64toblob "^0.0.2"
